
Microsoft Visual Studio Solution File, Format Version 12.00
# Visual Studio Version 17
VisualStudioVersion = 17.1.32414.318
MinimumVisualStudioVersion = 10.0.40219.1
Project("{9A19103F-16F7-4668-BE54-9A1E7A4F7556}") = "calc", "calc.csproj", "{91984BFA-BAE8-4CB4-A4DE-1ECF1C0ABC6A}"
EndProject
Project("{54435603-DBB4-11D2-8724-00A0C9A8B90C}") = "SetupCalc", "calcSetup\SetupCalc\SetupCalc.vdproj", "{555B2F46-86CD-490B-A82D-2C4DE3264C4E}"
EndProject
Global
	GlobalSection(SolutionConfigurationPlatforms) = preSolution
		Debug|Any CPU = Debug|Any CPU
		Release|Any CPU = Release|Any CPU
	EndGlobalSection
	GlobalSection(ProjectConfigurationPlatforms) = postSolution
		{91984BFA-BAE8-4CB4-A4DE-1ECF1C0ABC6A}.Debug|Any CPU.ActiveCfg = Debug|Any CPU
		{91984BFA-BAE8-4CB4-A4DE-1ECF1C0ABC6A}.Debug|Any CPU.Build.0 = Debug|Any CPU
		{91984BFA-BAE8-4CB4-A4DE-1ECF1C0ABC6A}.Release|Any CPU.ActiveCfg = Release|Any CPU
		{91984BFA-BAE8-4CB4-A4DE-1ECF1C0ABC6A}.Release|Any CPU.Build.0 = Release|Any CPU
		{555B2F46-86CD-490B-A82D-2C4DE3264C4E}.Debug|Any CPU.ActiveCfg = Debug
		{555B2F46-86CD-490B-A82D-2C4DE3264C4E}.Release|Any CPU.ActiveCfg = Release
	EndGlobalSection
	GlobalSection(SolutionProperties) = preSolution
		HideSolutionNode = FALSE
	EndGlobalSection
	GlobalSection(ExtensibilityGlobals) = postSolution
		SolutionGuid = {9CA39EFA-B62A-4E36-9783-C36E8DAAE2A8}
	EndGlobalSection
EndGlobal
